
Microsoft Visual Studio Solution File, Format Version 12.00
# Visual Studio Version 16
VisualStudioVersion = 16.0.31702.278
MinimumVisualStudioVersion = 10.0.40219.1
Project("{8BC9CEB8-8B4A-11D0-8D11-00A0C91BC942}") = "paod5", "paod5.vcxproj", "{A6408F49-C508-43D1-8549-AFB7A2186047}"
EndProject
Global
	GlobalSection(SolutionConfigurationPlatforms) = preSolution
		Debug|x64 = Debug|x64
		Debug|x86 = Debug|x86
		Release|x64 = Release|x64
		Release|x86 = Release|x86
	EndGlobalSection
	GlobalSection(ProjectConfigurationPlatforms) = postSolution
		{A6408F49-C508-43D1-8549-AFB7A2186047}.Debug|x64.ActiveCfg = Debug|x64
		{A6408F49-C508-43D1-8549-AFB7A2186047}.Debug|x64.Build.0 = Debug|x64
		{A6408F49-C508-43D1-8549-AFB7A2186047}.Debug|x86.ActiveCfg = Debug|Win32
		{A6408F49-C508-43D1-8549-AFB7A2186047}.Debug|x86.Build.0 = Debug|Win32
		{A6408F49-C508-43D1-8549-AFB7A2186047}.Release|x64.ActiveCfg = Release|x64
		{A6408F49-C508-43D1-8549-AFB7A2186047}.Release|x64.Build.0 = Release|x64
		{A6408F49-C508-43D1-8549-AFB7A2186047}.Release|x86.ActiveCfg = Release|Win32
		{A6408F49-C508-43D1-8549-AFB7A2186047}.Release|x86.Build.0 = Release|Win32
	EndGlobalSection
	GlobalSection(SolutionProperties) = preSolution
		HideSolutionNode = FALSE
	EndGlobalSection
	GlobalSection(ExtensibilityGlobals) = postSolution
		SolutionGuid = {2F2A43F3-A829-4D00-8991-27B2E91B4BB7}
	EndGlobalSection
EndGlobal
