
Microsoft Visual Studio Solution File, Format Version 12.00
# Visual Studio Version 16
VisualStudioVersion = 16.0.31702.278
MinimumVisualStudioVersion = 10.0.40219.1
Project("{8BC9CEB8-8B4A-11D0-8D11-00A0C91BC942}") = "paod6", "paod6.vcxproj", "{6B8AE43C-413F-4C84-8D79-053C6F5D5AB7}"
EndProject
Global
	GlobalSection(SolutionConfigurationPlatforms) = preSolution
		Debug|x64 = Debug|x64
		Debug|x86 = Debug|x86
		Release|x64 = Release|x64
		Release|x86 = Release|x86
	EndGlobalSection
	GlobalSection(ProjectConfigurationPlatforms) = postSolution
		{6B8AE43C-413F-4C84-8D79-053C6F5D5AB7}.Debug|x64.ActiveCfg = Debug|x64
		{6B8AE43C-413F-4C84-8D79-053C6F5D5AB7}.Debug|x64.Build.0 = Debug|x64
		{6B8AE43C-413F-4C84-8D79-053C6F5D5AB7}.Debug|x86.ActiveCfg = Debug|Win32
		{6B8AE43C-413F-4C84-8D79-053C6F5D5AB7}.Debug|x86.Build.0 = Debug|Win32
		{6B8AE43C-413F-4C84-8D79-053C6F5D5AB7}.Release|x64.ActiveCfg = Release|x64
		{6B8AE43C-413F-4C84-8D79-053C6F5D5AB7}.Release|x64.Build.0 = Release|x64
		{6B8AE43C-413F-4C84-8D79-053C6F5D5AB7}.Release|x86.ActiveCfg = Release|Win32
		{6B8AE43C-413F-4C84-8D79-053C6F5D5AB7}.Release|x86.Build.0 = Release|Win32
	EndGlobalSection
	GlobalSection(SolutionProperties) = preSolution
		HideSolutionNode = FALSE
	EndGlobalSection
	GlobalSection(ExtensibilityGlobals) = postSolution
		SolutionGuid = {4AC4FAF1-EB3E-4D0D-922D-7326A71E9AB0}
	EndGlobalSection
EndGlobal
